
Microsoft Visual Studio Solution File, Format Version 12.00
# Visual Studio 14
VisualStudioVersion = 14.0.25420.1
MinimumVisualStudioVersion = 10.0.40219.1
Project("{FAE04EC0-301F-11D3-BF4B-00C04F79EFBC}") = "Activation HoldUntil", "Activation HoldUntil.csproj", "{BFF00175-FBB4-4CA3-8001-23B60E9FA074}"
EndProject
Global
	GlobalSection(SolutionConfigurationPlatforms) = preSolution
		Debug|x86 = Debug|x86
		Release|x86 = Release|x86
	EndGlobalSection
	GlobalSection(ProjectConfigurationPlatforms) = postSolution
		{BFF00175-FBB4-4CA3-8001-23B60E9FA074}.Debug|x86.ActiveCfg = Debug|x86
		{BFF00175-FBB4-4CA3-8001-23B60E9FA074}.Debug|x86.Build.0 = Debug|x86
		{BFF00175-FBB4-4CA3-8001-23B60E9FA074}.Release|x86.ActiveCfg = Release|x86
		{BFF00175-FBB4-4CA3-8001-23B60E9FA074}.Release|x86.Build.0 = Release|x86
	EndGlobalSection
	GlobalSection(SolutionProperties) = preSolution
		HideSolutionNode = FALSE
	EndGlobalSection
EndGlobal
