
Microsoft Visual Studio Solution File, Format Version 12.00
# Visual Studio Version 17
VisualStudioVersion = 17.10.35004.147
MinimumVisualStudioVersion = 10.0.40219.1
Project("{FAE04EC0-301F-11D3-BF4B-00C04F79EFBC}") = "SubmissionJobSize", "SubmissionJobSize\SubmissionJobSize.csproj", "{74058469-A516-4123-ABBD-A26DE3911F31}"
EndProject
Global
	GlobalSection(SolutionConfigurationPlatforms) = preSolution
		Debug|Any CPU = Debug|Any CPU
		Release|Any CPU = Release|Any CPU
	EndGlobalSection
	GlobalSection(ProjectConfigurationPlatforms) = postSolution
		{74058469-A516-4123-ABBD-A26DE3911F31}.Debug|Any CPU.ActiveCfg = Debug|Any CPU
		{74058469-A516-4123-ABBD-A26DE3911F31}.Debug|Any CPU.Build.0 = Debug|Any CPU
		{74058469-A516-4123-ABBD-A26DE3911F31}.Release|Any CPU.ActiveCfg = Release|Any CPU
		{74058469-A516-4123-ABBD-A26DE3911F31}.Release|Any CPU.Build.0 = Release|Any CPU
	EndGlobalSection
	GlobalSection(SolutionProperties) = preSolution
		HideSolutionNode = FALSE
	EndGlobalSection
	GlobalSection(ExtensibilityGlobals) = postSolution
		SolutionGuid = {5C759584-EB75-4DDD-A31B-32D89A5488FA}
	EndGlobalSection
EndGlobal
