
Microsoft Visual Studio Solution File, Format Version 12.00
# Visual Studio Version 17
VisualStudioVersion = 17.7.34202.233
MinimumVisualStudioVersion = 10.0.40219.1
Project("{FAE04EC0-301F-11D3-BF4B-00C04F79EFBC}") = "CSharpClient", "CSharpClient\CSharpClient.csproj", "{CD9D3353-C8C4-496E-923C-F98CADEB3FF7}"
EndProject
Global
	GlobalSection(SolutionConfigurationPlatforms) = preSolution
		Debug|Any CPU = Debug|Any CPU
		Release|Any CPU = Release|Any CPU
	EndGlobalSection
	GlobalSection(ProjectConfigurationPlatforms) = postSolution
		{CD9D3353-C8C4-496E-923C-F98CADEB3FF7}.Debug|Any CPU.ActiveCfg = Debug|Any CPU
		{CD9D3353-C8C4-496E-923C-F98CADEB3FF7}.Debug|Any CPU.Build.0 = Debug|Any CPU
		{CD9D3353-C8C4-496E-923C-F98CADEB3FF7}.Release|Any CPU.ActiveCfg = Release|Any CPU
		{CD9D3353-C8C4-496E-923C-F98CADEB3FF7}.Release|Any CPU.Build.0 = Release|Any CPU
	EndGlobalSection
	GlobalSection(SolutionProperties) = preSolution
		HideSolutionNode = FALSE
	EndGlobalSection
	GlobalSection(ExtensibilityGlobals) = postSolution
		SolutionGuid = {AE7A2C3B-4ECF-4C5E-AD5F-E5BEA4676D50}
	EndGlobalSection
EndGlobal
