
Microsoft Visual Studio Solution File, Format Version 12.00
# Visual Studio Version 17
VisualStudioVersion = 17.7.34202.233
MinimumVisualStudioVersion = 10.0.40219.1
Project("{FAE04EC0-301F-11D3-BF4B-00C04F79EFBC}") = "WaitForJob", "WaitForJob\WaitForJob.csproj", "{802C2052-37BC-4101-ABC9-C1F54D9F275A}"
EndProject
Global
	GlobalSection(SolutionConfigurationPlatforms) = preSolution
		Debug|Any CPU = Debug|Any CPU
		Release|Any CPU = Release|Any CPU
	EndGlobalSection
	GlobalSection(ProjectConfigurationPlatforms) = postSolution
		{802C2052-37BC-4101-ABC9-C1F54D9F275A}.Debug|Any CPU.ActiveCfg = Debug|Any CPU
		{802C2052-37BC-4101-ABC9-C1F54D9F275A}.Debug|Any CPU.Build.0 = Debug|Any CPU
		{802C2052-37BC-4101-ABC9-C1F54D9F275A}.Release|Any CPU.ActiveCfg = Release|Any CPU
		{802C2052-37BC-4101-ABC9-C1F54D9F275A}.Release|Any CPU.Build.0 = Release|Any CPU
	EndGlobalSection
	GlobalSection(SolutionProperties) = preSolution
		HideSolutionNode = FALSE
	EndGlobalSection
	GlobalSection(ExtensibilityGlobals) = postSolution
		SolutionGuid = {F6A1110A-CF01-4B1D-9C54-EA24D8A6D680}
	EndGlobalSection
EndGlobal
