
Microsoft Visual Studio Solution File, Format Version 12.00
# Visual Studio Version 17
VisualStudioVersion = 17.7.34202.233
MinimumVisualStudioVersion = 10.0.40219.1
Project("{FAE04EC0-301F-11D3-BF4B-00C04F79EFBC}") = "CSharpClient2016", "CSharpClient2016\CSharpClient2016.csproj", "{AAD77CC1-AE96-4975-B074-91CF7A6BB13F}"
EndProject
Global
	GlobalSection(SolutionConfigurationPlatforms) = preSolution
		Debug|Any CPU = Debug|Any CPU
		Release|Any CPU = Release|Any CPU
	EndGlobalSection
	GlobalSection(ProjectConfigurationPlatforms) = postSolution
		{AAD77CC1-AE96-4975-B074-91CF7A6BB13F}.Debug|Any CPU.ActiveCfg = Debug|Any CPU
		{AAD77CC1-AE96-4975-B074-91CF7A6BB13F}.Debug|Any CPU.Build.0 = Debug|Any CPU
		{AAD77CC1-AE96-4975-B074-91CF7A6BB13F}.Release|Any CPU.ActiveCfg = Release|Any CPU
		{AAD77CC1-AE96-4975-B074-91CF7A6BB13F}.Release|Any CPU.Build.0 = Release|Any CPU
	EndGlobalSection
	GlobalSection(SolutionProperties) = preSolution
		HideSolutionNode = FALSE
	EndGlobalSection
	GlobalSection(ExtensibilityGlobals) = postSolution
		SolutionGuid = {CB21B812-E54D-4846-B3EA-AD37DB6A3DA8}
	EndGlobalSection
EndGlobal
