
Microsoft Visual Studio Solution File, Format Version 11.00
# Visual Studio 2010
Project("{FAE04EC0-301F-11D3-BF4B-00C04F79EFBC}") = "StaticWorkbookService", "StaticWorkbookService\StaticWorkbookService.csproj", "{FA8FD60E-7B91-43DA-B80C-90B941F71A2C}"
EndProject
Project("{FAE04EC0-301F-11D3-BF4B-00C04F79EFBC}") = "StaticWorkbookClient", "StaticWorkbookClient\StaticWorkbookClient.csproj", "{9F281564-AB37-411E-9936-CCB36020DBC4}"
	ProjectSection(ProjectDependencies) = postProject
		{FA8FD60E-7B91-43DA-B80C-90B941F71A2C} = {FA8FD60E-7B91-43DA-B80C-90B941F71A2C}
	EndProjectSection
EndProject
Global
	GlobalSection(SolutionConfigurationPlatforms) = preSolution
		Debug|Any CPU = Debug|Any CPU
		Debug|Mixed Platforms = Debug|Mixed Platforms
		Debug|x86 = Debug|x86
		Release|Any CPU = Release|Any CPU
		Release|Mixed Platforms = Release|Mixed Platforms
		Release|x86 = Release|x86
	EndGlobalSection
	GlobalSection(ProjectConfigurationPlatforms) = postSolution
		{FA8FD60E-7B91-43DA-B80C-90B941F71A2C}.Debug|Any CPU.ActiveCfg = Debug|Any CPU
		{FA8FD60E-7B91-43DA-B80C-90B941F71A2C}.Debug|Any CPU.Build.0 = Debug|Any CPU
		{FA8FD60E-7B91-43DA-B80C-90B941F71A2C}.Debug|Mixed Platforms.ActiveCfg = Debug|Any CPU
		{FA8FD60E-7B91-43DA-B80C-90B941F71A2C}.Debug|Mixed Platforms.Build.0 = Debug|Any CPU
		{FA8FD60E-7B91-43DA-B80C-90B941F71A2C}.Debug|x86.ActiveCfg = Debug|Any CPU
		{FA8FD60E-7B91-43DA-B80C-90B941F71A2C}.Release|Any CPU.ActiveCfg = Release|Any CPU
		{FA8FD60E-7B91-43DA-B80C-90B941F71A2C}.Release|Any CPU.Build.0 = Release|Any CPU
		{FA8FD60E-7B91-43DA-B80C-90B941F71A2C}.Release|Mixed Platforms.ActiveCfg = Release|Any CPU
		{FA8FD60E-7B91-43DA-B80C-90B941F71A2C}.Release|Mixed Platforms.Build.0 = Release|Any CPU
		{FA8FD60E-7B91-43DA-B80C-90B941F71A2C}.Release|x86.ActiveCfg = Release|Any CPU
		{9F281564-AB37-411E-9936-CCB36020DBC4}.Debug|Any CPU.ActiveCfg = Debug|x86
		{9F281564-AB37-411E-9936-CCB36020DBC4}.Debug|Mixed Platforms.ActiveCfg = Debug|x86
		{9F281564-AB37-411E-9936-CCB36020DBC4}.Debug|Mixed Platforms.Build.0 = Debug|x86
		{9F281564-AB37-411E-9936-CCB36020DBC4}.Debug|x86.ActiveCfg = Debug|x86
		{9F281564-AB37-411E-9936-CCB36020DBC4}.Debug|x86.Build.0 = Debug|x86
		{9F281564-AB37-411E-9936-CCB36020DBC4}.Release|Any CPU.ActiveCfg = Release|x86
		{9F281564-AB37-411E-9936-CCB36020DBC4}.Release|Mixed Platforms.ActiveCfg = Release|x86
		{9F281564-AB37-411E-9936-CCB36020DBC4}.Release|Mixed Platforms.Build.0 = Release|x86
		{9F281564-AB37-411E-9936-CCB36020DBC4}.Release|x86.ActiveCfg = Release|x86
		{9F281564-AB37-411E-9936-CCB36020DBC4}.Release|x86.Build.0 = Release|x86
	EndGlobalSection
	GlobalSection(SolutionProperties) = preSolution
		HideSolutionNode = FALSE
	EndGlobalSection
EndGlobal
