
Microsoft Visual Studio Solution File, Format Version 12.00
# Visual Studio Version 17
VisualStudioVersion = 17.10.35004.147
MinimumVisualStudioVersion = 10.0.40219.1
Project("{FAE04EC0-301F-11D3-BF4B-00C04F79EFBC}") = "ActivationHoldUntil", "ActivationHoldUntil\ActivationHoldUntil.csproj", "{19D68623-8D3E-4651-911F-BB1BFB8FE357}"
EndProject
Global
	GlobalSection(SolutionConfigurationPlatforms) = preSolution
		Debug|Any CPU = Debug|Any CPU
		Release|Any CPU = Release|Any CPU
	EndGlobalSection
	GlobalSection(ProjectConfigurationPlatforms) = postSolution
		{19D68623-8D3E-4651-911F-BB1BFB8FE357}.Debug|Any CPU.ActiveCfg = Debug|Any CPU
		{19D68623-8D3E-4651-911F-BB1BFB8FE357}.Debug|Any CPU.Build.0 = Debug|Any CPU
		{19D68623-8D3E-4651-911F-BB1BFB8FE357}.Release|Any CPU.ActiveCfg = Release|Any CPU
		{19D68623-8D3E-4651-911F-BB1BFB8FE357}.Release|Any CPU.Build.0 = Release|Any CPU
	EndGlobalSection
	GlobalSection(SolutionProperties) = preSolution
		HideSolutionNode = FALSE
	EndGlobalSection
	GlobalSection(ExtensibilityGlobals) = postSolution
		SolutionGuid = {80E4A911-44F2-45BA-A60F-45BFCABEA57E}
	EndGlobalSection
EndGlobal
