
Microsoft Visual Studio Solution File, Format Version 11.00
# Visual Studio 2010
Project("{FAE04EC0-301F-11D3-BF4B-00C04F79EFBC}") = "CommonDataService", "CommonDataService\CommonDataService.csproj", "{49F2E1FD-1884-4228-9BBC-F2F5A2B9AE5C}"
EndProject
Project("{FAE04EC0-301F-11D3-BF4B-00C04F79EFBC}") = "CommonDataClient", "CommonDataClient\CommonDataClient.csproj", "{249E453D-D898-4065-9D29-1717CC8545DD}"
	ProjectSection(ProjectDependencies) = postProject
		{49F2E1FD-1884-4228-9BBC-F2F5A2B9AE5C} = {49F2E1FD-1884-4228-9BBC-F2F5A2B9AE5C}
	EndProjectSection
EndProject
Global
	GlobalSection(SolutionConfigurationPlatforms) = preSolution
		Debug|Any CPU = Debug|Any CPU
		Release|Any CPU = Release|Any CPU
	EndGlobalSection
	GlobalSection(ProjectConfigurationPlatforms) = postSolution
		{49F2E1FD-1884-4228-9BBC-F2F5A2B9AE5C}.Debug|Any CPU.ActiveCfg = Debug|Any CPU
		{49F2E1FD-1884-4228-9BBC-F2F5A2B9AE5C}.Debug|Any CPU.Build.0 = Debug|Any CPU
		{49F2E1FD-1884-4228-9BBC-F2F5A2B9AE5C}.Release|Any CPU.ActiveCfg = Release|Any CPU
		{49F2E1FD-1884-4228-9BBC-F2F5A2B9AE5C}.Release|Any CPU.Build.0 = Release|Any CPU
		{249E453D-D898-4065-9D29-1717CC8545DD}.Debug|Any CPU.ActiveCfg = Debug|Any CPU
		{249E453D-D898-4065-9D29-1717CC8545DD}.Debug|Any CPU.Build.0 = Debug|Any CPU
		{249E453D-D898-4065-9D29-1717CC8545DD}.Release|Any CPU.ActiveCfg = Release|Any CPU
		{249E453D-D898-4065-9D29-1717CC8545DD}.Release|Any CPU.Build.0 = Release|Any CPU
	EndGlobalSection
	GlobalSection(SolutionProperties) = preSolution
		HideSolutionNode = FALSE
	EndGlobalSection
EndGlobal
